// !$*UTF8*$!
{
	archiveVersion = 1;
	classes = {
	};
	objectVersion = 50;
	objects = {

/* Begin PBXBuildFile section */
		6532C50926AE39CC00CF21F8 /* VideoPlayerView.swift in Sources */ = {isa = PBXBuildFile; fileRef = 6532C50826AE39CC00CF21F8 /* VideoPlayerView.swift */; };
		6532C50E26AE3E9D00CF21F8 /* VideoPlayerHelper.swift in Sources */ = {isa = PBXBuildFile; fileRef = 6532C50D26AE3E9D00CF21F8 /* VideoPlayerHelper.swift */; };
		656874D82693C29800E70556 /* AfricaApp.swift in Sources */ = {isa = PBXBuildFile; fileRef = 656874D72693C29800E70556 /* AfricaApp.swift */; };
		656874DA2693C29800E70556 /* ContentView.swift in Sources */ = {isa = PBXBuildFile; fileRef = 656874D92693C29800E70556 /* ContentView.swift */; };
		656874DC2693C29C00E70556 /* Assets.xcassets in Resources */ = {isa = PBXBuildFile; fileRef = 656874DB2693C29C00E70556 /* Assets.xcassets */; };
		656874DF2693C29C00E70556 /* Preview Assets.xcassets in Resources */ = {isa = PBXBuildFile; fileRef = 656874DE2693C29C00E70556 /* Preview Assets.xcassets */; };
		656874F32694323400E70556 /* gorilla.mp4 in Resources */ = {isa = PBXBuildFile; fileRef = 656874E92694322F00E70556 /* gorilla.mp4 */; };
		656874F42694323400E70556 /* ostrich.mp4 in Resources */ = {isa = PBXBuildFile; fileRef = 656874EA2694323000E70556 /* ostrich.mp4 */; };
		656874F52694323400E70556 /* zebra.mp4 in Resources */ = {isa = PBXBuildFile; fileRef = 656874EB2694323000E70556 /* zebra.mp4 */; };
		656874F62694323400E70556 /* rhino.mp4 in Resources */ = {isa = PBXBuildFile; fileRef = 656874EC2694323100E70556 /* rhino.mp4 */; };
		656874F72694323400E70556 /* cheetah.mp4 in Resources */ = {isa = PBXBuildFile; fileRef = 656874ED2694323100E70556 /* cheetah.mp4 */; };
		656874F82694323400E70556 /* elephant.mp4 in Resources */ = {isa = PBXBuildFile; fileRef = 656874EE2694323200E70556 /* elephant.mp4 */; };
		656874F92694323400E70556 /* lion.mp4 in Resources */ = {isa = PBXBuildFile; fileRef = 656874EF2694323200E70556 /* lion.mp4 */; };
		656874FA2694323400E70556 /* hippo.mp4 in Resources */ = {isa = PBXBuildFile; fileRef = 656874F02694323300E70556 /* hippo.mp4 */; };
		656874FB2694323400E70556 /* lioness.mp4 in Resources */ = {isa = PBXBuildFile; fileRef = 656874F12694323300E70556 /* lioness.mp4 */; };
		656874FC2694323400E70556 /* giraffe.mp4 in Resources */ = {isa = PBXBuildFile; fileRef = 656874F22694323400E70556 /* giraffe.mp4 */; };
		656875032694329600E70556 /* videos.json in Resources */ = {isa = PBXBuildFile; fileRef = 656874FF2694329500E70556 /* videos.json */; };
		656875042694329600E70556 /* covers.json in Resources */ = {isa = PBXBuildFile; fileRef = 656875002694329500E70556 /* covers.json */; };
		656875052694329600E70556 /* animals.json in Resources */ = {isa = PBXBuildFile; fileRef = 656875012694329600E70556 /* animals.json */; };
		656875062694329600E70556 /* locations.json in Resources */ = {isa = PBXBuildFile; fileRef = 656875022694329600E70556 /* locations.json */; };
		6568750C2694356700E70556 /* VideoListView.swift in Sources */ = {isa = PBXBuildFile; fileRef = 6568750B2694356700E70556 /* VideoListView.swift */; };
		6568750F2694358B00E70556 /* MapView.swift in Sources */ = {isa = PBXBuildFile; fileRef = 6568750E2694358B00E70556 /* MapView.swift */; };
		65687512269435B600E70556 /* GalleryView.swift in Sources */ = {isa = PBXBuildFile; fileRef = 65687511269435B600E70556 /* GalleryView.swift */; };
		65687515269435E400E70556 /* MainView.swift in Sources */ = {isa = PBXBuildFile; fileRef = 65687514269435E400E70556 /* MainView.swift */; };
		65ACCB4A26A3DF5800E4B202 /* CoverImageModel.swift in Sources */ = {isa = PBXBuildFile; fileRef = 65ACCB4926A3DF5800E4B202 /* CoverImageModel.swift */; };
		65ACCB4F26A3E12500E4B202 /* CodableBundleExtension.swift in Sources */ = {isa = PBXBuildFile; fileRef = 65ACCB4E26A3E12500E4B202 /* CodableBundleExtension.swift */; };
		65B365E52696962900F4B88A /* CoverImageView.swift in Sources */ = {isa = PBXBuildFile; fileRef = 65B365E42696962800F4B88A /* CoverImageView.swift */; };
		7D3D4FE626B1332100C672C4 /* MotionAnimationView.swift in Sources */ = {isa = PBXBuildFile; fileRef = 7D3D4FE526B1332100C672C4 /* MotionAnimationView.swift */; };
		7D4F6C1526A80C6000AD9DBC /* HeadingView.swift in Sources */ = {isa = PBXBuildFile; fileRef = 7D4F6C1426A80C6000AD9DBC /* HeadingView.swift */; };
		7D4F6C1826A80DD000AD9DBC /* InsetGalleryView.swift in Sources */ = {isa = PBXBuildFile; fileRef = 7D4F6C1726A80DCF00AD9DBC /* InsetGalleryView.swift */; };
		7D501E5626AE8EC300EE9898 /* LocationModel.swift in Sources */ = {isa = PBXBuildFile; fileRef = 7D501E5526AE8EC300EE9898 /* LocationModel.swift */; };
		7D501E5C26AE9BB700EE9898 /* MapAnnotationView.swift in Sources */ = {isa = PBXBuildFile; fileRef = 7D501E5B26AE9BB700EE9898 /* MapAnnotationView.swift */; };
		7D5698A426ACB9F600B2F87B /* VideoModel.swift in Sources */ = {isa = PBXBuildFile; fileRef = 7D5698A326ACB9F600B2F87B /* VideoModel.swift */; };
		7D5698A726ACBAB100B2F87B /* VideoListItemView.swift in Sources */ = {isa = PBXBuildFile; fileRef = 7D5698A626ACBAB100B2F87B /* VideoListItemView.swift */; };
		7D8102EF26A6AF1A0085922D /* AnimalListItemView.swift in Sources */ = {isa = PBXBuildFile; fileRef = 7D8102EE26A6AF1A0085922D /* AnimalListItemView.swift */; };
		7D89B3C226A6B8E900151811 /* AnimalModel.swift in Sources */ = {isa = PBXBuildFile; fileRef = 7D89B3C126A6B8E900151811 /* AnimalModel.swift */; };
		7D90ED5126A90EB40072F60D /* InsetFactView.swift in Sources */ = {isa = PBXBuildFile; fileRef = 7D90ED5026A90EB40072F60D /* InsetFactView.swift */; };
		7D90ED5426A912680072F60D /* InsetMapView.swift in Sources */ = {isa = PBXBuildFile; fileRef = 7D90ED5326A912670072F60D /* InsetMapView.swift */; };
		7D90ED5726A917820072F60D /* ExternalWeblinkView.swift in Sources */ = {isa = PBXBuildFile; fileRef = 7D90ED5626A917820072F60D /* ExternalWeblinkView.swift */; };
		7DE8E68E26A7FFF60033D602 /* AnimalDetailView.swift in Sources */ = {isa = PBXBuildFile; fileRef = 7DE8E68D26A7FFF60033D602 /* AnimalDetailView.swift */; };
/* End PBXBuildFile section */

/* Begin PBXFileReference section */
		6532C50826AE39CC00CF21F8 /* VideoPlayerView.swift */ = {isa = PBXFileReference; lastKnownFileType = sourcecode.swift; path = VideoPlayerView.swift; sourceTree = "<group>"; };
		6532C50D26AE3E9D00CF21F8 /* VideoPlayerHelper.swift */ = {isa = PBXFileReference; lastKnownFileType = sourcecode.swift; path = VideoPlayerHelper.swift; sourceTree = "<group>"; };
		656874D42693C29800E70556 /* Africa.app */ = {isa = PBXFileReference; explicitFileType = wrapper.application; includeInIndex = 0; path = Africa.app; sourceTree = BUILT_PRODUCTS_DIR; };
		656874D72693C29800E70556 /* AfricaApp.swift */ = {isa = PBXFileReference; lastKnownFileType = sourcecode.swift; path = AfricaApp.swift; sourceTree = "<group>"; };
		656874D92693C29800E70556 /* ContentView.swift */ = {isa = PBXFileReference; lastKnownFileType = sourcecode.swift; path = ContentView.swift; sourceTree = "<group>"; };
		656874DB2693C29C00E70556 /* Assets.xcassets */ = {isa = PBXFileReference; lastKnownFileType = folder.assetcatalog; path = Assets.xcassets; sourceTree = "<group>"; };
		656874DE2693C29C00E70556 /* Preview Assets.xcassets */ = {isa = PBXFileReference; lastKnownFileType = folder.assetcatalog; path = "Preview Assets.xcassets"; sourceTree = "<group>"; };
		656874E02693C29C00E70556 /* Info.plist */ = {isa = PBXFileReference; lastKnownFileType = text.plist.xml; path = Info.plist; sourceTree = "<group>"; };
		656874E92694322F00E70556 /* gorilla.mp4 */ = {isa = PBXFileReference; lastKnownFileType = file; path = gorilla.mp4; sourceTree = "<group>"; };
		656874EA2694323000E70556 /* ostrich.mp4 */ = {isa = PBXFileReference; lastKnownFileType = file; path = ostrich.mp4; sourceTree = "<group>"; };
		656874EB2694323000E70556 /* zebra.mp4 */ = {isa = PBXFileReference; lastKnownFileType = file; path = zebra.mp4; sourceTree = "<group>"; };
		656874EC2694323100E70556 /* rhino.mp4 */ = {isa = PBXFileReference; lastKnownFileType = file; path = rhino.mp4; sourceTree = "<group>"; };
		656874ED2694323100E70556 /* cheetah.mp4 */ = {isa = PBXFileReference; lastKnownFileType = file; path = cheetah.mp4; sourceTree = "<group>"; };
		656874EE2694323200E70556 /* elephant.mp4 */ = {isa = PBXFileReference; lastKnownFileType = file; path = elephant.mp4; sourceTree = "<group>"; };
		656874EF2694323200E70556 /* lion.mp4 */ = {isa = PBXFileReference; lastKnownFileType = file; path = lion.mp4; sourceTree = "<group>"; };
		656874F02694323300E70556 /* hippo.mp4 */ = {isa = PBXFileReference; lastKnownFileType = file; path = hippo.mp4; sourceTree = "<group>"; };
		656874F12694323300E70556 /* lioness.mp4 */ = {isa = PBXFileReference; lastKnownFileType = file; path = lioness.mp4; sourceTree = "<group>"; };
		656874F22694323400E70556 /* giraffe.mp4 */ = {isa = PBXFileReference; lastKnownFileType = file; path = giraffe.mp4; sourceTree = "<group>"; };
		656874FF2694329500E70556 /* videos.json */ = {isa = PBXFileReference; fileEncoding = 4; lastKnownFileType = text.json; path = videos.json; sourceTree = "<group>"; };
		656875002694329500E70556 /* covers.json */ = {isa = PBXFileReference; fileEncoding = 4; lastKnownFileType = text.json; path = covers.json; sourceTree = "<group>"; };
		656875012694329600E70556 /* animals.json */ = {isa = PBXFileReference; fileEncoding = 4; lastKnownFileType = text.json; path = animals.json; sourceTree = "<group>"; };
		656875022694329600E70556 /* locations.json */ = {isa = PBXFileReference; fileEncoding = 4; lastKnownFileType = text.json; path = locations.json; sourceTree = "<group>"; };
		6568750B2694356700E70556 /* VideoListView.swift */ = {isa = PBXFileReference; lastKnownFileType = sourcecode.swift; path = VideoListView.swift; sourceTree = "<group>"; };
		6568750E2694358B00E70556 /* MapView.swift */ = {isa = PBXFileReference; lastKnownFileType = sourcecode.swift; path = MapView.swift; sourceTree = "<group>"; };
		65687511269435B600E70556 /* GalleryView.swift */ = {isa = PBXFileReference; lastKnownFileType = sourcecode.swift; path = GalleryView.swift; sourceTree = "<group>"; };
		65687514269435E400E70556 /* MainView.swift */ = {isa = PBXFileReference; lastKnownFileType = sourcecode.swift; path = MainView.swift; sourceTree = "<group>"; };
		65ACCB4926A3DF5800E4B202 /* CoverImageModel.swift */ = {isa = PBXFileReference; lastKnownFileType = sourcecode.swift; path = CoverImageModel.swift; sourceTree = "<group>"; };
		65ACCB4E26A3E12500E4B202 /* CodableBundleExtension.swift */ = {isa = PBXFileReference; lastKnownFileType = sourcecode.swift; path = CodableBundleExtension.swift; sourceTree = "<group>"; };
		65B365E42696962800F4B88A /* CoverImageView.swift */ = {isa = PBXFileReference; lastKnownFileType = sourcecode.swift; path = CoverImageView.swift; sourceTree = "<group>"; };
		7D3D4FE526B1332100C672C4 /* MotionAnimationView.swift */ = {isa = PBXFileReference; lastKnownFileType = sourcecode.swift; path = MotionAnimationView.swift; sourceTree = "<group>"; };
		7D4F6C1426A80C6000AD9DBC /* HeadingView.swift */ = {isa = PBXFileReference; lastKnownFileType = sourcecode.swift; path = HeadingView.swift; sourceTree = "<group>"; };
		7D4F6C1726A80DCF00AD9DBC /* InsetGalleryView.swift */ = {isa = PBXFileReference; lastKnownFileType = sourcecode.swift; path = InsetGalleryView.swift; sourceTree = "<group>"; };
		7D501E5526AE8EC300EE9898 /* LocationModel.swift */ = {isa = PBXFileReference; lastKnownFileType = sourcecode.swift; path = LocationModel.swift; sourceTree = "<group>"; };
		7D501E5B26AE9BB700EE9898 /* MapAnnotationView.swift */ = {isa = PBXFileReference; lastKnownFileType = sourcecode.swift; path = MapAnnotationView.swift; sourceTree = "<group>"; };
		7D5698A326ACB9F600B2F87B /* VideoModel.swift */ = {isa = PBXFileReference; lastKnownFileType = sourcecode.swift; path = VideoModel.swift; sourceTree = "<group>"; };
		7D5698A626ACBAB100B2F87B /* VideoListItemView.swift */ = {isa = PBXFileReference; lastKnownFileType = sourcecode.swift; path = VideoListItemView.swift; sourceTree = "<group>"; };
		7D8102EE26A6AF1A0085922D /* AnimalListItemView.swift */ = {isa = PBXFileReference; lastKnownFileType = sourcecode.swift; path = AnimalListItemView.swift; sourceTree = "<group>"; };
		7D89B3C126A6B8E900151811 /* AnimalModel.swift */ = {isa = PBXFileReference; lastKnownFileType = sourcecode.swift; path = AnimalModel.swift; sourceTree = "<group>"; };
		7D90ED5026A90EB40072F60D /* InsetFactView.swift */ = {isa = PBXFileReference; lastKnownFileType = sourcecode.swift; path = InsetFactView.swift; sourceTree = "<group>"; };
		7D90ED5326A912670072F60D /* InsetMapView.swift */ = {isa = PBXFileReference; lastKnownFileType = sourcecode.swift; path = InsetMapView.swift; sourceTree = "<group>"; };
		7D90ED5626A917820072F60D /* ExternalWeblinkView.swift */ = {isa = PBXFileReference; lastKnownFileType = sourcecode.swift; path = ExternalWeblinkView.swift; sourceTree = "<group>"; };
		7DE8E68D26A7FFF60033D602 /* AnimalDetailView.swift */ = {isa = PBXFileReference; lastKnownFileType = sourcecode.swift; path = AnimalDetailView.swift; sourceTree = "<group>"; };
/* End PBXFileReference section */

/* Begin PBXFrameworksBuildPhase section */
		656874D12693C29800E70556 /* Frameworks */ = {
			isa = PBXFrameworksBuildPhase;
			buildActionMask = 2147483647;
			files = (
			);
			runOnlyForDeploymentPostprocessing = 0;
		};
/* End PBXFrameworksBuildPhase section */

/* Begin PBXGroup section */
		6532C50C26AE3E7E00CF21F8 /* Helper */ = {
			isa = PBXGroup;
			children = (
				6532C50D26AE3E9D00CF21F8 /* VideoPlayerHelper.swift */,
			);
			path = Helper;
			sourceTree = "<group>";
		};
		656874CB2693C29800E70556 = {
			isa = PBXGroup;
			children = (
				656874D62693C29800E70556 /* Africa */,
				656874D52693C29800E70556 /* Products */,
			);
			sourceTree = "<group>";
		};
		656874D52693C29800E70556 /* Products */ = {
			isa = PBXGroup;
			children = (
				656874D42693C29800E70556 /* Africa.app */,
			);
			name = Products;
			sourceTree = "<group>";
		};
		656874D62693C29800E70556 /* Africa */ = {
			isa = PBXGroup;
			children = (
				65687508269434D700E70556 /* App */,
				65B365E32696951800F4B88A /* View */,
				6532C50C26AE3E7E00CF21F8 /* Helper */,
				65ACCB4D26A3E10500E4B202 /* Extension */,
				65ACCB4826A3DF3300E4B202 /* Model */,
				656874FE2694326200E70556 /* Data */,
				656874E7269430F800E70556 /* Video */,
				656874DB2693C29C00E70556 /* Assets.xcassets */,
				656874E02693C29C00E70556 /* Info.plist */,
				656874DD2693C29C00E70556 /* Preview Content */,
			);
			path = Africa;
			sourceTree = "<group>";
		};
		656874DD2693C29C00E70556 /* Preview Content */ = {
			isa = PBXGroup;
			children = (
				656874DE2693C29C00E70556 /* Preview Assets.xcassets */,
			);
			path = "Preview Content";
			sourceTree = "<group>";
		};
		656874E7269430F800E70556 /* Video */ = {
			isa = PBXGroup;
			children = (
				656874ED2694323100E70556 /* cheetah.mp4 */,
				656874EE2694323200E70556 /* elephant.mp4 */,
				656874F22694323400E70556 /* giraffe.mp4 */,
				656874E92694322F00E70556 /* gorilla.mp4 */,
				656874F02694323300E70556 /* hippo.mp4 */,
				656874EF2694323200E70556 /* lion.mp4 */,
				656874F12694323300E70556 /* lioness.mp4 */,
				656874EA2694323000E70556 /* ostrich.mp4 */,
				656874EC2694323100E70556 /* rhino.mp4 */,
				656874EB2694323000E70556 /* zebra.mp4 */,
			);
			path = Video;
			sourceTree = "<group>";
		};
		656874FE2694326200E70556 /* Data */ = {
			isa = PBXGroup;
			children = (
				656875012694329600E70556 /* animals.json */,
				656875002694329500E70556 /* covers.json */,
				656875022694329600E70556 /* locations.json */,
				656874FF2694329500E70556 /* videos.json */,
			);
			path = Data;
			sourceTree = "<group>";
		};
		65687508269434D700E70556 /* App */ = {
			isa = PBXGroup;
			children = (
				656874D72693C29800E70556 /* AfricaApp.swift */,
				656874D92693C29800E70556 /* ContentView.swift */,
				6568750B2694356700E70556 /* VideoListView.swift */,
				6568750E2694358B00E70556 /* MapView.swift */,
				65687511269435B600E70556 /* GalleryView.swift */,
				65687514269435E400E70556 /* MainView.swift */,
			);
			path = App;
			sourceTree = "<group>";
		};
		65ACCB4826A3DF3300E4B202 /* Model */ = {
			isa = PBXGroup;
			children = (
				65ACCB4926A3DF5800E4B202 /* CoverImageModel.swift */,
				7D89B3C126A6B8E900151811 /* AnimalModel.swift */,
				7D5698A326ACB9F600B2F87B /* VideoModel.swift */,
				7D501E5526AE8EC300EE9898 /* LocationModel.swift */,
			);
			path = Model;
			sourceTree = "<group>";
		};
		65ACCB4D26A3E10500E4B202 /* Extension */ = {
			isa = PBXGroup;
			children = (
				65ACCB4E26A3E12500E4B202 /* CodableBundleExtension.swift */,
			);
			path = Extension;
			sourceTree = "<group>";
		};
		65B365E32696951800F4B88A /* View */ = {
			isa = PBXGroup;
			children = (
				65B365E42696962800F4B88A /* CoverImageView.swift */,
				7D8102EE26A6AF1A0085922D /* AnimalListItemView.swift */,
				7DE8E68D26A7FFF60033D602 /* AnimalDetailView.swift */,
				7D4F6C1426A80C6000AD9DBC /* HeadingView.swift */,
				7D4F6C1726A80DCF00AD9DBC /* InsetGalleryView.swift */,
				7D90ED5026A90EB40072F60D /* InsetFactView.swift */,
				7D90ED5326A912670072F60D /* InsetMapView.swift */,
				7D90ED5626A917820072F60D /* ExternalWeblinkView.swift */,
				7D5698A626ACBAB100B2F87B /* VideoListItemView.swift */,
				6532C50826AE39CC00CF21F8 /* VideoPlayerView.swift */,
				7D501E5B26AE9BB700EE9898 /* MapAnnotationView.swift */,
				7D3D4FE526B1332100C672C4 /* MotionAnimationView.swift */,
			);
			path = View;
			sourceTree = "<group>";
		};
/* End PBXGroup section */

/* Begin PBXNativeTarget section */
		656874D32693C29800E70556 /* Africa */ = {
			isa = PBXNativeTarget;
			buildConfigurationList = 656874E32693C29C00E70556 /* Build configuration list for PBXNativeTarget "Africa" */;
			buildPhases = (
				656874D02693C29800E70556 /* Sources */,
				656874D12693C29800E70556 /* Frameworks */,
				656874D22693C29800E70556 /* Resources */,
			);
			buildRules = (
			);
			dependencies = (
			);
			name = Africa;
			productName = Africa;
			productReference = 656874D42693C29800E70556 /* Africa.app */;
			productType = "com.apple.product-type.application";
		};
/* End PBXNativeTarget section */

/* Begin PBXProject section */
		656874CC2693C29800E70556 /* Project object */ = {
			isa = PBXProject;
			attributes = {
				LastSwiftUpdateCheck = 1240;
				LastUpgradeCheck = 1240;
				TargetAttributes = {
					656874D32693C29800E70556 = {
						CreatedOnToolsVersion = 12.4;
					};
				};
			};
			buildConfigurationList = 656874CF2693C29800E70556 /* Build configuration list for PBXProject "Africa" */;
			compatibilityVersion = "Xcode 9.3";
			developmentRegion = en;
			hasScannedForEncodings = 0;
			knownRegions = (
				en,
				Base,
			);
			mainGroup = 656874CB2693C29800E70556;
			productRefGroup = 656874D52693C29800E70556 /* Products */;
			projectDirPath = "";
			projectRoot = "";
			targets = (
				656874D32693C29800E70556 /* Africa */,
			);
		};
/* End PBXProject section */

/* Begin PBXResourcesBuildPhase section */
		656874D22693C29800E70556 /* Resources */ = {
			isa = PBXResourcesBuildPhase;
			buildActionMask = 2147483647;
			files = (
				656875052694329600E70556 /* animals.json in Resources */,
				656874FA2694323400E70556 /* hippo.mp4 in Resources */,
				656875062694329600E70556 /* locations.json in Resources */,
				656874FB2694323400E70556 /* lioness.mp4 in Resources */,
				656874FC2694323400E70556 /* giraffe.mp4 in Resources */,
				656874F62694323400E70556 /* rhino.mp4 in Resources */,
				656875032694329600E70556 /* videos.json in Resources */,
				656874DF2693C29C00E70556 /* Preview Assets.xcassets in Resources */,
				656874F52694323400E70556 /* zebra.mp4 in Resources */,
				656875042694329600E70556 /* covers.json in Resources */,
				656874F32694323400E70556 /* gorilla.mp4 in Resources */,
				656874F82694323400E70556 /* elephant.mp4 in Resources */,
				656874F42694323400E70556 /* ostrich.mp4 in Resources */,
				656874DC2693C29C00E70556 /* Assets.xcassets in Resources */,
				656874F92694323400E70556 /* lion.mp4 in Resources */,
				656874F72694323400E70556 /* cheetah.mp4 in Resources */,
			);
			runOnlyForDeploymentPostprocessing = 0;
		};
/* End PBXResourcesBuildPhase section */

/* Begin PBXSourcesBuildPhase section */
		656874D02693C29800E70556 /* Sources */ = {
			isa = PBXSourcesBuildPhase;
			buildActionMask = 2147483647;
			files = (
				7D90ED5726A917820072F60D /* ExternalWeblinkView.swift in Sources */,
				656874DA2693C29800E70556 /* ContentView.swift in Sources */,
				7D8102EF26A6AF1A0085922D /* AnimalListItemView.swift in Sources */,
				65687515269435E400E70556 /* MainView.swift in Sources */,
				7D90ED5126A90EB40072F60D /* InsetFactView.swift in Sources */,
				65B365E52696962900F4B88A /* CoverImageView.swift in Sources */,
				65ACCB4A26A3DF5800E4B202 /* CoverImageModel.swift in Sources */,
				7DE8E68E26A7FFF60033D602 /* AnimalDetailView.swift in Sources */,
				7D89B3C226A6B8E900151811 /* AnimalModel.swift in Sources */,
				6568750F2694358B00E70556 /* MapView.swift in Sources */,
				6532C50E26AE3E9D00CF21F8 /* VideoPlayerHelper.swift in Sources */,
				7D90ED5426A912680072F60D /* InsetMapView.swift in Sources */,
				656874D82693C29800E70556 /* AfricaApp.swift in Sources */,
				7D501E5C26AE9BB700EE9898 /* MapAnnotationView.swift in Sources */,
				6568750C2694356700E70556 /* VideoListView.swift in Sources */,
				7D5698A426ACB9F600B2F87B /* VideoModel.swift in Sources */,
				65687512269435B600E70556 /* GalleryView.swift in Sources */,
				7D501E5626AE8EC300EE9898 /* LocationModel.swift in Sources */,
				7D4F6C1826A80DD000AD9DBC /* InsetGalleryView.swift in Sources */,
				7D5698A726ACBAB100B2F87B /* VideoListItemView.swift in Sources */,
				65ACCB4F26A3E12500E4B202 /* CodableBundleExtension.swift in Sources */,
				7D3D4FE626B1332100C672C4 /* MotionAnimationView.swift in Sources */,
				7D4F6C1526A80C6000AD9DBC /* HeadingView.swift in Sources */,
				6532C50926AE39CC00CF21F8 /* VideoPlayerView.swift in Sources */,
			);
			runOnlyForDeploymentPostprocessing = 0;
		};
/* End PBXSourcesBuildPhase section */

/* Begin XCBuildConfiguration section */
		656874E12693C29C00E70556 /* Debug */ = {
			isa = XCBuildConfiguration;
			buildSettings = {
				ALWAYS_SEARCH_USER_PATHS = NO;
				CLANG_ANALYZER_NONNULL = YES;
				CLANG_ANALYZER_NUMBER_OBJECT_CONVERSION = YES_AGGRESSIVE;
				CLANG_CXX_LANGUAGE_STANDARD = "gnu++14";
				CLANG_CXX_LIBRARY = "libc++";
				CLANG_ENABLE_MODULES = YES;
				CLANG_ENABLE_OBJC_ARC = YES;
				CLANG_ENABLE_OBJC_WEAK = YES;
				CLANG_WARN_BLOCK_CAPTURE_AUTORELEASING = YES;
				CLANG_WARN_BOOL_CONVERSION = YES;
				CLANG_WARN_COMMA = YES;
				CLANG_WARN_CONSTANT_CONVERSION = YES;
				CLANG_WARN_DEPRECATED_OBJC_IMPLEMENTATIONS = YES;
				CLANG_WARN_DIRECT_OBJC_ISA_USAGE = YES_ERROR;
				CLANG_WARN_DOCUMENTATION_COMMENTS = YES;
				CLANG_WARN_EMPTY_BODY = YES;
				CLANG_WARN_ENUM_CONVERSION = YES;
				CLANG_WARN_INFINITE_RECURSION = YES;
				CLANG_WARN_INT_CONVERSION = YES;
				CLANG_WARN_NON_LITERAL_NULL_CONVERSION = YES;
				CLANG_WARN_OBJC_IMPLICIT_RETAIN_SELF = YES;
				CLANG_WARN_OBJC_LITERAL_CONVERSION = YES;
				CLANG_WARN_OBJC_ROOT_CLASS = YES_ERROR;
				CLANG_WARN_QUOTED_INCLUDE_IN_FRAMEWORK_HEADER = YES;
				CLANG_WARN_RANGE_LOOP_ANALYSIS = YES;
				CLANG_WARN_STRICT_PROTOTYPES = YES;
				CLANG_WARN_SUSPICIOUS_MOVE = YES;
				CLANG_WARN_UNGUARDED_AVAILABILITY = YES_AGGRESSIVE;
				CLANG_WARN_UNREACHABLE_CODE = YES;
				CLANG_WARN__DUPLICATE_METHOD_MATCH = YES;
				COPY_PHASE_STRIP = NO;
				DEBUG_INFORMATION_FORMAT = dwarf;
				ENABLE_STRICT_OBJC_MSGSEND = YES;
				ENABLE_TESTABILITY = YES;
				GCC_C_LANGUAGE_STANDARD = gnu11;
				GCC_DYNAMIC_NO_PIC = NO;
				GCC_NO_COMMON_BLOCKS = YES;
				GCC_OPTIMIZATION_LEVEL = 0;
				GCC_PREPROCESSOR_DEFINITIONS = (
					"DEBUG=1",
					"$(inherited)",
				);
				GCC_WARN_64_TO_32_BIT_CONVERSION = YES;
				GCC_WARN_ABOUT_RETURN_TYPE = YES_ERROR;
				GCC_WARN_UNDECLARED_SELECTOR = YES;
				GCC_WARN_UNINITIALIZED_AUTOS = YES_AGGRESSIVE;
				GCC_WARN_UNUSED_FUNCTION = YES;
				GCC_WARN_UNUSED_VARIABLE = YES;
				IPHONEOS_DEPLOYMENT_TARGET = 14.4;
				MTL_ENABLE_DEBUG_INFO = INCLUDE_SOURCE;
				MTL_FAST_MATH = YES;
				ONLY_ACTIVE_ARCH = YES;
				SDKROOT = iphoneos;
				SWIFT_ACTIVE_COMPILATION_CONDITIONS = DEBUG;
				SWIFT_OPTIMIZATION_LEVEL = "-Onone";
			};
			name = Debug;
		};
		656874E22693C29C00E70556 /* Release */ = {
			isa = XCBuildConfiguration;
			buildSettings = {
				ALWAYS_SEARCH_USER_PATHS = NO;
				CLANG_ANALYZER_NONNULL = YES;
				CLANG_ANALYZER_NUMBER_OBJECT_CONVERSION = YES_AGGRESSIVE;
				CLANG_CXX_LANGUAGE_STANDARD = "gnu++14";
				CLANG_CXX_LIBRARY = "libc++";
				CLANG_ENABLE_MODULES = YES;
				CLANG_ENABLE_OBJC_ARC = YES;
				CLANG_ENABLE_OBJC_WEAK = YES;
				CLANG_WARN_BLOCK_CAPTURE_AUTORELEASING = YES;
				CLANG_WARN_BOOL_CONVERSION = YES;
				CLANG_WARN_COMMA = YES;
				CLANG_WARN_CONSTANT_CONVERSION = YES;
				CLANG_WARN_DEPRECATED_OBJC_IMPLEMENTATIONS = YES;
				CLANG_WARN_DIRECT_OBJC_ISA_USAGE = YES_ERROR;
				CLANG_WARN_DOCUMENTATION_COMMENTS = YES;
				CLANG_WARN_EMPTY_BODY = YES;
				CLANG_WARN_ENUM_CONVERSION = YES;
				CLANG_WARN_INFINITE_RECURSION = YES;
				CLANG_WARN_INT_CONVERSION = YES;
				CLANG_WARN_NON_LITERAL_NULL_CONVERSION = YES;
				CLANG_WARN_OBJC_IMPLICIT_RETAIN_SELF = YES;
				CLANG_WARN_OBJC_LITERAL_CONVERSION = YES;
				CLANG_WARN_OBJC_ROOT_CLASS = YES_ERROR;
				CLANG_WARN_QUOTED_INCLUDE_IN_FRAMEWORK_HEADER = YES;
				CLANG_WARN_RANGE_LOOP_ANALYSIS = YES;
				CLANG_WARN_STRICT_PROTOTYPES = YES;
				CLANG_WARN_SUSPICIOUS_MOVE = YES;
				CLANG_WARN_UNGUARDED_AVAILABILITY = YES_AGGRESSIVE;
				CLANG_WARN_UNREACHABLE_CODE = YES;
				CLANG_WARN__DUPLICATE_METHOD_MATCH = YES;
				COPY_PHASE_STRIP = NO;
				DEBUG_INFORMATION_FORMAT = "dwarf-with-dsym";
				ENABLE_NS_ASSERTIONS = NO;
				ENABLE_STRICT_OBJC_MSGSEND = YES;
				GCC_C_LANGUAGE_STANDARD = gnu11;
				GCC_NO_COMMON_BLOCKS = YES;
				GCC_WARN_64_TO_32_BIT_CONVERSION = YES;
				GCC_WARN_ABOUT_RETURN_TYPE = YES_ERROR;
				GCC_WARN_UNDECLARED_SELECTOR = YES;
				GCC_WARN_UNINITIALIZED_AUTOS = YES_AGGRESSIVE;
				GCC_WARN_UNUSED_FUNCTION = YES;
				GCC_WARN_UNUSED_VARIABLE = YES;
				IPHONEOS_DEPLOYMENT_TARGET = 14.4;
				MTL_ENABLE_DEBUG_INFO = NO;
				MTL_FAST_MATH = YES;
				SDKROOT = iphoneos;
				SWIFT_COMPILATION_MODE = wholemodule;
				SWIFT_OPTIMIZATION_LEVEL = "-O";
				VALIDATE_PRODUCT = YES;
			};
			name = Release;
		};
		656874E42693C29C00E70556 /* Debug */ = {
			isa = XCBuildConfiguration;
			buildSettings = {
				ASSETCATALOG_COMPILER_APPICON_NAME = AppIcon;
				ASSETCATALOG_COMPILER_GLOBAL_ACCENT_COLOR_NAME = AccentColor;
				CODE_SIGN_STYLE = Automatic;
				DEVELOPMENT_ASSET_PATHS = "\"Africa/Preview Content\"";
				DEVELOPMENT_TEAM = 476W3V97E8;
				ENABLE_PREVIEWS = YES;
				INFOPLIST_FILE = Africa/Info.plist;
				IPHONEOS_DEPLOYMENT_TARGET = 14.4;
				LD_RUNPATH_SEARCH_PATHS = (
					"$(inherited)",
					"@executable_path/Frameworks",
				);
				PRODUCT_BUNDLE_IDENTIFIER = apple.Africa;
				PRODUCT_NAME = "$(TARGET_NAME)";
				SWIFT_VERSION = 5.0;
				TARGETED_DEVICE_FAMILY = "1,2";
			};
			name = Debug;
		};
		656874E52693C29C00E70556 /* Release */ = {
			isa = XCBuildConfiguration;
			buildSettings = {
				ASSETCATALOG_COMPILER_APPICON_NAME = AppIcon;
				ASSETCATALOG_COMPILER_GLOBAL_ACCENT_COLOR_NAME = AccentColor;
				CODE_SIGN_STYLE = Automatic;
				DEVELOPMENT_ASSET_PATHS = "\"Africa/Preview Content\"";
				DEVELOPMENT_TEAM = 476W3V97E8;
				ENABLE_PREVIEWS = YES;
				INFOPLIST_FILE = Africa/Info.plist;
				IPHONEOS_DEPLOYMENT_TARGET = 14.4;
				LD_RUNPATH_SEARCH_PATHS = (
					"$(inherited)",
					"@executable_path/Frameworks",
				);
				PRODUCT_BUNDLE_IDENTIFIER = apple.Africa;
				PRODUCT_NAME = "$(TARGET_NAME)";
				SWIFT_VERSION = 5.0;
				TARGETED_DEVICE_FAMILY = "1,2";
			};
			name = Release;
		};
/* End XCBuildConfiguration section */

/* Begin XCConfigurationList section */
		656874CF2693C29800E70556 /* Build configuration list for PBXProject "Africa" */ = {
			isa = XCConfigurationList;
			buildConfigurations = (
				656874E12693C29C00E70556 /* Debug */,
				656874E22693C29C00E70556 /* Release */,
			);
			defaultConfigurationIsVisible = 0;
			defaultConfigurationName = Release;
		};
		656874E32693C29C00E70556 /* Build configuration list for PBXNativeTarget "Africa" */ = {
			isa = XCConfigurationList;
			buildConfigurations = (
				656874E42693C29C00E70556 /* Debug */,
				656874E52693C29C00E70556 /* Release */,
			);
			defaultConfigurationIsVisible = 0;
			defaultConfigurationName = Release;
		};
/* End XCConfigurationList section */
	};
	rootObject = 656874CC2693C29800E70556 /* Project object */;
}
